
Microsoft Visual Studio Solution File, Format Version 12.00
# Visual Studio Version 17
VisualStudioVersion = 17.9.34622.214
MinimumVisualStudioVersion = 10.0.40219.1
Project("{FAE04EC0-301F-11D3-BF4B-00C04F79EFBC}") = "UW04Mar", "UW04Mar\UW04Mar.csproj", "{BD67F641-301E-444A-813A-FD1A8D8D7B86}"
EndProject
Global
	GlobalSection(SolutionConfigurationPlatforms) = preSolution
		Debug|Any CPU = Debug|Any CPU
		Release|Any CPU = Release|Any CPU
	EndGlobalSection
	GlobalSection(ProjectConfigurationPlatforms) = postSolution
		{BD67F641-301E-444A-813A-FD1A8D8D7B86}.Debug|Any CPU.ActiveCfg = Debug|Any CPU
		{BD67F641-301E-444A-813A-FD1A8D8D7B86}.Debug|Any CPU.Build.0 = Debug|Any CPU
		{BD67F641-301E-444A-813A-FD1A8D8D7B86}.Release|Any CPU.ActiveCfg = Release|Any CPU
		{BD67F641-301E-444A-813A-FD1A8D8D7B86}.Release|Any CPU.Build.0 = Release|Any CPU
	EndGlobalSection
	GlobalSection(SolutionProperties) = preSolution
		HideSolutionNode = FALSE
	EndGlobalSection
	GlobalSection(ExtensibilityGlobals) = postSolution
		SolutionGuid = {FACB36B9-61A9-4AEA-B018-4FCFB72ACA29}
	EndGlobalSection
EndGlobal
